
Microsoft Visual Studio Solution File, Format Version 12.00
# Visual Studio 15
VisualStudioVersion = 15.0.27004.2002
MinimumVisualStudioVersion = 10.0.40219.1
Project("{FAE04EC0-301F-11D3-BF4B-00C04F79EFBC}") = "Nancy.Simple", "src\Nancy.Simple.csproj", "{0B3EA40E-F7D8-4E14-A30F-1536F41B62D1}"
EndProject
Project("{FAE04EC0-301F-11D3-BF4B-00C04F79EFBC}") = "PokerTest", "PokerTest\PokerTest.csproj", "{F0B88CEA-7ED8-447A-9AAC-39AC78A80DF5}"
EndProject
Global
	GlobalSection(SolutionConfigurationPlatforms) = preSolution
		Debug|Any CPU = Debug|Any CPU
		Debug|Mixed Platforms = Debug|Mixed Platforms
		Local|Any CPU = Local|Any CPU
		Local|Mixed Platforms = Local|Mixed Platforms
		Release|Any CPU = Release|Any CPU
		Release|Mixed Platforms = Release|Mixed Platforms
	EndGlobalSection
	GlobalSection(ProjectConfigurationPlatforms) = postSolution
		{0B3EA40E-F7D8-4E14-A30F-1536F41B62D1}.Debug|Any CPU.ActiveCfg = Debug|x86
		{0B3EA40E-F7D8-4E14-A30F-1536F41B62D1}.Debug|Any CPU.Build.0 = Debug|x86
		{0B3EA40E-F7D8-4E14-A30F-1536F41B62D1}.Debug|Mixed Platforms.ActiveCfg = Debug|x86
		{0B3EA40E-F7D8-4E14-A30F-1536F41B62D1}.Debug|Mixed Platforms.Build.0 = Debug|x86
		{0B3EA40E-F7D8-4E14-A30F-1536F41B62D1}.Local|Any CPU.ActiveCfg = Local|x86
		{0B3EA40E-F7D8-4E14-A30F-1536F41B62D1}.Local|Any CPU.Build.0 = Local|x86
		{0B3EA40E-F7D8-4E14-A30F-1536F41B62D1}.Local|Mixed Platforms.ActiveCfg = Local|x86
		{0B3EA40E-F7D8-4E14-A30F-1536F41B62D1}.Local|Mixed Platforms.Build.0 = Local|x86
		{0B3EA40E-F7D8-4E14-A30F-1536F41B62D1}.Release|Any CPU.ActiveCfg = Release|x86
		{0B3EA40E-F7D8-4E14-A30F-1536F41B62D1}.Release|Any CPU.Build.0 = Release|x86
		{0B3EA40E-F7D8-4E14-A30F-1536F41B62D1}.Release|Mixed Platforms.ActiveCfg = Release|x86
		{0B3EA40E-F7D8-4E14-A30F-1536F41B62D1}.Release|Mixed Platforms.Build.0 = Release|x86
		{F0B88CEA-7ED8-447A-9AAC-39AC78A80DF5}.Debug|Any CPU.ActiveCfg = Debug|Any CPU
		{F0B88CEA-7ED8-447A-9AAC-39AC78A80DF5}.Debug|Any CPU.Build.0 = Debug|Any CPU
		{F0B88CEA-7ED8-447A-9AAC-39AC78A80DF5}.Debug|Mixed Platforms.ActiveCfg = Debug|Any CPU
		{F0B88CEA-7ED8-447A-9AAC-39AC78A80DF5}.Local|Any CPU.ActiveCfg = Release|Any CPU
		{F0B88CEA-7ED8-447A-9AAC-39AC78A80DF5}.Local|Any CPU.Build.0 = Release|Any CPU
		{F0B88CEA-7ED8-447A-9AAC-39AC78A80DF5}.Local|Mixed Platforms.ActiveCfg = Debug|Any CPU
		{F0B88CEA-7ED8-447A-9AAC-39AC78A80DF5}.Local|Mixed Platforms.Build.0 = Debug|Any CPU
		{F0B88CEA-7ED8-447A-9AAC-39AC78A80DF5}.Release|Any CPU.ActiveCfg = Release|Any CPU
		{F0B88CEA-7ED8-447A-9AAC-39AC78A80DF5}.Release|Any CPU.Build.0 = Release|Any CPU
		{F0B88CEA-7ED8-447A-9AAC-39AC78A80DF5}.Release|Mixed Platforms.ActiveCfg = Release|Any CPU
		{F0B88CEA-7ED8-447A-9AAC-39AC78A80DF5}.Release|Mixed Platforms.Build.0 = Release|Any CPU
	EndGlobalSection
	GlobalSection(SolutionProperties) = preSolution
		HideSolutionNode = FALSE
	EndGlobalSection
	GlobalSection(ExtensibilityGlobals) = postSolution
		SolutionGuid = {5B009DED-8EF9-4935-BDFA-0291DC467209}
	EndGlobalSection
EndGlobal
